<?xml version="1.0" encoding="UTF-8" standalone="yes" ?>
<CodeBlocks_project_file>
	<FileVersion major="1" minor="6" />
	<Project>
		<Option title="MahintorabiConradClothSimulation" />
		<Option pch_mode="2" />
		<Option compiler="gcc" />
		<Build>
			<Target title="Debug">
				<Option output="bin/Debug/MahintorabiConradClothSimulation" prefix_auto="1" extension_auto="1" />
				<Option object_output="obj/Debug/" />
				<Option type="1" />
				<Option compiler="gcc" />
				<Compiler>
					<Add option="-g" />
					<Add directory="../glm" />
					<Add directory="include" />
				</Compiler>
			</Target>
			<Target title="Release">
				<Option output="bin/Release/MahintorabiConradClothSimulation" prefix_auto="1" extension_auto="1" />
				<Option object_output="obj/Release/" />
				<Option type="0" />
				<Option compiler="gcc" />
				<Compiler>
					<Add option="-O2" />
					<Add directory="../glm" />
					<Add directory="include" />
				</Compiler>
				<Linker>
					<Add option="-s" />
				</Linker>
			</Target>
		</Build>
		<Compiler>
			<Add option="-Wall" />
			<Add directory="C:/MinGW/include" />
		</Compiler>
		<Linker>
			<Add library="freeglut" />
			<Add library="glew32" />
			<Add library="opengl32" />
			<Add library="glu32" />
			<Add library="winmm" />
			<Add library="gdi32" />
			<Add directory="C:/MinGW/lib" />
		</Linker>
		<Unit filename="include/Cloth.h" />
		<Unit filename="include/ClothSimulation.h" />
		<Unit filename="include/Entity.h" />
		<Unit filename="include/Mass.h" />
		<Unit filename="include/Spring.h" />
		<Unit filename="include/vertex.h" />
		<Unit filename="main.cpp" />
		<Unit filename="shader.cpp" />
		<Unit filename="shader.h" />
		<Unit filename="src/Cloth.cpp" />
		<Unit filename="src/ClothSimulation.cpp" />
		<Unit filename="src/Mass.cpp" />
		<Unit filename="src/Spring.cpp" />
		<Extensions>
			<code_completion />
			<envvars />
			<debugger />
		</Extensions>
	</Project>
</CodeBlocks_project_file>
